
Microsoft Visual Studio Solution File, Format Version 12.00
# Visual Studio Version 16
VisualStudioVersion = 16.0.29806.167
MinimumVisualStudioVersion = 10.0.40219.1
Project("{FAE04EC0-301F-11D3-BF4B-00C04F79EFBC}") = "API1", "API1\API1.csproj", "{870D0A0D-678A-4C4F-B824-2BDEA9F5B00F}"
EndProject
Project("{FAE04EC0-301F-11D3-BF4B-00C04F79EFBC}") = "Pocos", "Pocos\Pocos.csproj", "{C1C8036F-6907-4377-AD94-016A0BED718D}"
EndProject
Project("{FAE04EC0-301F-11D3-BF4B-00C04F79EFBC}") = "Repository", "Repository\Repository.csproj", "{7A567114-9672-4CBD-B572-487E23C3C7D1}"
EndProject
Project("{FAE04EC0-301F-11D3-BF4B-00C04F79EFBC}") = "EFRepo", "EFRepo\EFRepo.csproj", "{BA813DD7-72D7-4826-BE7B-BDE4E304AC8E}"
EndProject
Project("{FAE04EC0-301F-11D3-BF4B-00C04F79EFBC}") = "Logic", "Logic\Logic.csproj", "{682481A7-DA02-4250-B505-D7DB9C42C1E4}"
EndProject
Global
	GlobalSection(SolutionConfigurationPlatforms) = preSolution
		Debug|Any CPU = Debug|Any CPU
		Release|Any CPU = Release|Any CPU
	EndGlobalSection
	GlobalSection(ProjectConfigurationPlatforms) = postSolution
		{870D0A0D-678A-4C4F-B824-2BDEA9F5B00F}.Debug|Any CPU.ActiveCfg = Debug|Any CPU
		{870D0A0D-678A-4C4F-B824-2BDEA9F5B00F}.Debug|Any CPU.Build.0 = Debug|Any CPU
		{870D0A0D-678A-4C4F-B824-2BDEA9F5B00F}.Release|Any CPU.ActiveCfg = Release|Any CPU
		{870D0A0D-678A-4C4F-B824-2BDEA9F5B00F}.Release|Any CPU.Build.0 = Release|Any CPU
		{C1C8036F-6907-4377-AD94-016A0BED718D}.Debug|Any CPU.ActiveCfg = Debug|Any CPU
		{C1C8036F-6907-4377-AD94-016A0BED718D}.Debug|Any CPU.Build.0 = Debug|Any CPU
		{C1C8036F-6907-4377-AD94-016A0BED718D}.Release|Any CPU.ActiveCfg = Release|Any CPU
		{C1C8036F-6907-4377-AD94-016A0BED718D}.Release|Any CPU.Build.0 = Release|Any CPU
		{7A567114-9672-4CBD-B572-487E23C3C7D1}.Debug|Any CPU.ActiveCfg = Debug|Any CPU
		{7A567114-9672-4CBD-B572-487E23C3C7D1}.Debug|Any CPU.Build.0 = Debug|Any CPU
		{7A567114-9672-4CBD-B572-487E23C3C7D1}.Release|Any CPU.ActiveCfg = Release|Any CPU
		{7A567114-9672-4CBD-B572-487E23C3C7D1}.Release|Any CPU.Build.0 = Release|Any CPU
		{BA813DD7-72D7-4826-BE7B-BDE4E304AC8E}.Debug|Any CPU.ActiveCfg = Debug|Any CPU
		{BA813DD7-72D7-4826-BE7B-BDE4E304AC8E}.Debug|Any CPU.Build.0 = Debug|Any CPU
		{BA813DD7-72D7-4826-BE7B-BDE4E304AC8E}.Release|Any CPU.ActiveCfg = Release|Any CPU
		{BA813DD7-72D7-4826-BE7B-BDE4E304AC8E}.Release|Any CPU.Build.0 = Release|Any CPU
		{682481A7-DA02-4250-B505-D7DB9C42C1E4}.Debug|Any CPU.ActiveCfg = Debug|Any CPU
		{682481A7-DA02-4250-B505-D7DB9C42C1E4}.Debug|Any CPU.Build.0 = Debug|Any CPU
		{682481A7-DA02-4250-B505-D7DB9C42C1E4}.Release|Any CPU.ActiveCfg = Release|Any CPU
		{682481A7-DA02-4250-B505-D7DB9C42C1E4}.Release|Any CPU.Build.0 = Release|Any CPU
	EndGlobalSection
	GlobalSection(SolutionProperties) = preSolution
		HideSolutionNode = FALSE
	EndGlobalSection
	GlobalSection(ExtensibilityGlobals) = postSolution
		SolutionGuid = {BB2D13B3-4ACC-4A72-869B-423B0C271A23}
	EndGlobalSection
EndGlobal
